// !$*UTF8*$!
{
	archiveVersion = 1;
	classes = {
	};
	objectVersion = 46;
	objects = {

/* Begin PBXBuildFile section */
		292038601DE34F1E005B56CD /* AppDelegate.swift in Sources */ = {isa = PBXBuildFile; fileRef = 2920385F1DE34F1E005B56CD /* AppDelegate.swift */; };
		292038621DE34F1E005B56CD /* ViewController.swift in Sources */ = {isa = PBXBuildFile; fileRef = 292038611DE34F1E005B56CD /* ViewController.swift */; };
		292038651DE34F1E005B56CD /* Main.storyboard in Resources */ = {isa = PBXBuildFile; fileRef = 292038631DE34F1E005B56CD /* Main.storyboard */; };
		292038671DE34F1E005B56CD /* Assets.xcassets in Resources */ = {isa = PBXBuildFile; fileRef = 292038661DE34F1E005B56CD /* Assets.xcassets */; };
		2920386A1DE34F1E005B56CD /* LaunchScreen.storyboard in Resources */ = {isa = PBXBuildFile; fileRef = 292038681DE34F1E005B56CD /* LaunchScreen.storyboard */; };
		292038751DE34F1F005B56CD /* LimitlessTests.swift in Sources */ = {isa = PBXBuildFile; fileRef = 292038741DE34F1F005B56CD /* LimitlessTests.swift */; };
		292038801DE34F1F005B56CD /* LimitlessUITests.swift in Sources */ = {isa = PBXBuildFile; fileRef = 2920387F1DE34F1F005B56CD /* LimitlessUITests.swift */; };
		292D45831E16E28B00187D0A /* CNBTServiceController.swift in Sources */ = {isa = PBXBuildFile; fileRef = 292D45821E16E28B00187D0A /* CNBTServiceController.swift */; };
		2941EE591DF5C89000F3DA40 /* CNBTDashBoardViewController.swift in Sources */ = {isa = PBXBuildFile; fileRef = 2941EE581DF5C89000F3DA40 /* CNBTDashBoardViewController.swift */; };
		2941EE5B1DF5CCC200F3DA40 /* dashBoardCollectionViewCell.swift in Sources */ = {isa = PBXBuildFile; fileRef = 2941EE5A1DF5CCC200F3DA40 /* dashBoardCollectionViewCell.swift */; };
		2947D2981E3104AB00D5C0B6 /* UILabel+AttributeText.swift in Sources */ = {isa = PBXBuildFile; fileRef = 2947D2971E3104AB00D5C0B6 /* UILabel+AttributeText.swift */; };
		2947D29A1E3112CB00D5C0B6 /* PierSans-Black.otf in Resources */ = {isa = PBXBuildFile; fileRef = 295A903A1E268F720003D5A4 /* PierSans-Black.otf */; };
		2947D29B1E3112CB00D5C0B6 /* PierSans-BlackItalic.otf in Resources */ = {isa = PBXBuildFile; fileRef = 295A903B1E268F720003D5A4 /* PierSans-BlackItalic.otf */; };
		2947D29C1E3112CB00D5C0B6 /* PierSans-Bold.otf in Resources */ = {isa = PBXBuildFile; fileRef = 295A903C1E268F720003D5A4 /* PierSans-Bold.otf */; };
		2947D29D1E3112CB00D5C0B6 /* PierSans-BoldItalic.otf in Resources */ = {isa = PBXBuildFile; fileRef = 295A903D1E268F720003D5A4 /* PierSans-BoldItalic.otf */; };
		2947D29E1E3112CB00D5C0B6 /* PierSans-Italic.otf in Resources */ = {isa = PBXBuildFile; fileRef = 295A903E1E268F720003D5A4 /* PierSans-Italic.otf */; };
		2947D29F1E3112CB00D5C0B6 /* PierSans-Light.otf in Resources */ = {isa = PBXBuildFile; fileRef = 295A903F1E268F720003D5A4 /* PierSans-Light.otf */; };
		2947D2A01E3112CB00D5C0B6 /* PierSans-LightItalic.otf in Resources */ = {isa = PBXBuildFile; fileRef = 295A90401E268F720003D5A4 /* PierSans-LightItalic.otf */; };
		2947D2A11E3112CB00D5C0B6 /* PierSans-Medium.otf in Resources */ = {isa = PBXBuildFile; fileRef = 295A90411E268F720003D5A4 /* PierSans-Medium.otf */; };
		2947D2A21E3112CB00D5C0B6 /* PierSans-MediumItalic.otf in Resources */ = {isa = PBXBuildFile; fileRef = 295A90421E268F720003D5A4 /* PierSans-MediumItalic.otf */; };
		2947D2A31E3112CB00D5C0B6 /* PierSans-Regular.otf in Resources */ = {isa = PBXBuildFile; fileRef = 295A90381E268E920003D5A4 /* PierSans-Regular.otf */; };
		2947D2E41E31358200D5C0B6 /* CNBTcricleView.swift in Sources */ = {isa = PBXBuildFile; fileRef = 2947D2E31E31358200D5C0B6 /* CNBTcricleView.swift */; };
		2961353B1E1FAB6E00015A3B /* CNBTTabBarViewController.swift in Sources */ = {isa = PBXBuildFile; fileRef = 2961353A1E1FAB6E00015A3B /* CNBTTabBarViewController.swift */; };
		2961353E1E1FAB9C00015A3B /* CNBTHomeViewController.swift in Sources */ = {isa = PBXBuildFile; fileRef = 2961353D1E1FAB9C00015A3B /* CNBTHomeViewController.swift */; };
		296135411E1FABBA00015A3B /* CNBTLibraryViewController.swift in Sources */ = {isa = PBXBuildFile; fileRef = 296135401E1FABBA00015A3B /* CNBTLibraryViewController.swift */; };
		296135441E1FABD800015A3B /* CNBTSoundViewController.swift in Sources */ = {isa = PBXBuildFile; fileRef = 296135431E1FABD800015A3B /* CNBTSoundViewController.swift */; };
		296135471E1FABF000015A3B /* CNBTGraphViewController.swift in Sources */ = {isa = PBXBuildFile; fileRef = 296135461E1FABF000015A3B /* CNBTGraphViewController.swift */; };
		2961354A1E1FAC0700015A3B /* CNBTSettingViewController.swift in Sources */ = {isa = PBXBuildFile; fileRef = 296135491E1FAC0700015A3B /* CNBTSettingViewController.swift */; };
		2961354C1E1FACB100015A3B /* CNBTTabBar.storyboard in Resources */ = {isa = PBXBuildFile; fileRef = 2961354B1E1FACB100015A3B /* CNBTTabBar.storyboard */; };
		2961354E1E1FC9FF00015A3B /* Toast.swift in Sources */ = {isa = PBXBuildFile; fileRef = 2961354D1E1FC9FF00015A3B /* Toast.swift */; };
		296135501E1FCD3600015A3B /* CNBTParseModel.swift in Sources */ = {isa = PBXBuildFile; fileRef = 2961354F1E1FCD3600015A3B /* CNBTParseModel.swift */; };
		296135531E1FD7B300015A3B /* CNBTQuestionViewController.swift in Sources */ = {isa = PBXBuildFile; fileRef = 296135521E1FD7B300015A3B /* CNBTQuestionViewController.swift */; };
		297B2EED1E1FE9EB00175BFA /* CNBTQuestionModel.swift in Sources */ = {isa = PBXBuildFile; fileRef = 297B2EEC1E1FE9EB00175BFA /* CNBTQuestionModel.swift */; };
		297B2EF51E1FED0500175BFA /* CNBTQuestionView.swift in Sources */ = {isa = PBXBuildFile; fileRef = 297B2EF41E1FED0500175BFA /* CNBTQuestionView.swift */; };
		297B2EF71E1FED1500175BFA /* CNBTQuestionView..xib in Resources */ = {isa = PBXBuildFile; fileRef = 297B2EF61E1FED1500175BFA /* CNBTQuestionView..xib */; };
/* End PBXBuildFile section */

/* Begin PBXContainerItemProxy section */
		292038711DE34F1F005B56CD /* PBXContainerItemProxy */ = {
			isa = PBXContainerItemProxy;
			containerPortal = 292038541DE34F1D005B56CD /* Project object */;
			proxyType = 1;
			remoteGlobalIDString = 2920385B1DE34F1E005B56CD;
			remoteInfo = Limitless;
		};
		2920387C1DE34F1F005B56CD /* PBXContainerItemProxy */ = {
			isa = PBXContainerItemProxy;
			containerPortal = 292038541DE34F1D005B56CD /* Project object */;
			proxyType = 1;
			remoteGlobalIDString = 2920385B1DE34F1E005B56CD;
			remoteInfo = Limitless;
		};
/* End PBXContainerItemProxy section */

/* Begin PBXFileReference section */
		2920385C1DE34F1E005B56CD /* Limitless.app */ = {isa = PBXFileReference; explicitFileType = wrapper.application; includeInIndex = 0; path = Limitless.app; sourceTree = BUILT_PRODUCTS_DIR; };
		2920385F1DE34F1E005B56CD /* AppDelegate.swift */ = {isa = PBXFileReference; lastKnownFileType = sourcecode.swift; path = AppDelegate.swift; sourceTree = "<group>"; };
		292038611DE34F1E005B56CD /* ViewController.swift */ = {isa = PBXFileReference; lastKnownFileType = sourcecode.swift; path = ViewController.swift; sourceTree = "<group>"; };
		292038641DE34F1E005B56CD /* Base */ = {isa = PBXFileReference; lastKnownFileType = file.storyboard; name = Base; path = Base.lproj/Main.storyboard; sourceTree = "<group>"; };
		292038661DE34F1E005B56CD /* Assets.xcassets */ = {isa = PBXFileReference; lastKnownFileType = folder.assetcatalog; path = Assets.xcassets; sourceTree = "<group>"; };
		292038691DE34F1E005B56CD /* Base */ = {isa = PBXFileReference; lastKnownFileType = file.storyboard; name = Base; path = Base.lproj/LaunchScreen.storyboard; sourceTree = "<group>"; };
		2920386B1DE34F1E005B56CD /* Info.plist */ = {isa = PBXFileReference; lastKnownFileType = text.plist.xml; path = Info.plist; sourceTree = "<group>"; };
		292038701DE34F1F005B56CD /* LimitlessTests.xctest */ = {isa = PBXFileReference; explicitFileType = wrapper.cfbundle; includeInIndex = 0; path = LimitlessTests.xctest; sourceTree = BUILT_PRODUCTS_DIR; };
		292038741DE34F1F005B56CD /* LimitlessTests.swift */ = {isa = PBXFileReference; lastKnownFileType = sourcecode.swift; path = LimitlessTests.swift; sourceTree = "<group>"; };
		292038761DE34F1F005B56CD /* Info.plist */ = {isa = PBXFileReference; lastKnownFileType = text.plist.xml; path = Info.plist; sourceTree = "<group>"; };
		2920387B1DE34F1F005B56CD /* LimitlessUITests.xctest */ = {isa = PBXFileReference; explicitFileType = wrapper.cfbundle; includeInIndex = 0; path = LimitlessUITests.xctest; sourceTree = BUILT_PRODUCTS_DIR; };
		2920387F1DE34F1F005B56CD /* LimitlessUITests.swift */ = {isa = PBXFileReference; lastKnownFileType = sourcecode.swift; path = LimitlessUITests.swift; sourceTree = "<group>"; };
		292038811DE34F1F005B56CD /* Info.plist */ = {isa = PBXFileReference; lastKnownFileType = text.plist.xml; path = Info.plist; sourceTree = "<group>"; };
		292D45821E16E28B00187D0A /* CNBTServiceController.swift */ = {isa = PBXFileReference; fileEncoding = 4; lastKnownFileType = sourcecode.swift; path = CNBTServiceController.swift; sourceTree = "<group>"; };
		2941EE581DF5C89000F3DA40 /* CNBTDashBoardViewController.swift */ = {isa = PBXFileReference; fileEncoding = 4; lastKnownFileType = sourcecode.swift; path = CNBTDashBoardViewController.swift; sourceTree = "<group>"; };
		2941EE5A1DF5CCC200F3DA40 /* dashBoardCollectionViewCell.swift */ = {isa = PBXFileReference; fileEncoding = 4; lastKnownFileType = sourcecode.swift; path = dashBoardCollectionViewCell.swift; sourceTree = "<group>"; };
		2947D2971E3104AB00D5C0B6 /* UILabel+AttributeText.swift */ = {isa = PBXFileReference; fileEncoding = 4; lastKnownFileType = sourcecode.swift; path = "UILabel+AttributeText.swift"; sourceTree = "<group>"; };
		2947D2E31E31358200D5C0B6 /* CNBTcricleView.swift */ = {isa = PBXFileReference; fileEncoding = 4; lastKnownFileType = sourcecode.swift; path = CNBTcricleView.swift; sourceTree = "<group>"; };
		295A90381E268E920003D5A4 /* PierSans-Regular.otf */ = {isa = PBXFileReference; lastKnownFileType = file; path = "PierSans-Regular.otf"; sourceTree = "<group>"; };
		295A903A1E268F720003D5A4 /* PierSans-Black.otf */ = {isa = PBXFileReference; lastKnownFileType = file; path = "PierSans-Black.otf"; sourceTree = "<group>"; };
		295A903B1E268F720003D5A4 /* PierSans-BlackItalic.otf */ = {isa = PBXFileReference; lastKnownFileType = file; path = "PierSans-BlackItalic.otf"; sourceTree = "<group>"; };
		295A903C1E268F720003D5A4 /* PierSans-Bold.otf */ = {isa = PBXFileReference; lastKnownFileType = file; path = "PierSans-Bold.otf"; sourceTree = "<group>"; };
		295A903D1E268F720003D5A4 /* PierSans-BoldItalic.otf */ = {isa = PBXFileReference; lastKnownFileType = file; path = "PierSans-BoldItalic.otf"; sourceTree = "<group>"; };
		295A903E1E268F720003D5A4 /* PierSans-Italic.otf */ = {isa = PBXFileReference; lastKnownFileType = file; path = "PierSans-Italic.otf"; sourceTree = "<group>"; };
		295A903F1E268F720003D5A4 /* PierSans-Light.otf */ = {isa = PBXFileReference; lastKnownFileType = file; path = "PierSans-Light.otf"; sourceTree = "<group>"; };
		295A90401E268F720003D5A4 /* PierSans-LightItalic.otf */ = {isa = PBXFileReference; lastKnownFileType = file; path = "PierSans-LightItalic.otf"; sourceTree = "<group>"; };
		295A90411E268F720003D5A4 /* PierSans-Medium.otf */ = {isa = PBXFileReference; lastKnownFileType = file; path = "PierSans-Medium.otf"; sourceTree = "<group>"; };
		295A90421E268F720003D5A4 /* PierSans-MediumItalic.otf */ = {isa = PBXFileReference; lastKnownFileType = file; path = "PierSans-MediumItalic.otf"; sourceTree = "<group>"; };
		2961353A1E1FAB6E00015A3B /* CNBTTabBarViewController.swift */ = {isa = PBXFileReference; fileEncoding = 4; lastKnownFileType = sourcecode.swift; path = CNBTTabBarViewController.swift; sourceTree = "<group>"; };
		2961353D1E1FAB9C00015A3B /* CNBTHomeViewController.swift */ = {isa = PBXFileReference; fileEncoding = 4; lastKnownFileType = sourcecode.swift; path = CNBTHomeViewController.swift; sourceTree = "<group>"; };
		296135401E1FABBA00015A3B /* CNBTLibraryViewController.swift */ = {isa = PBXFileReference; fileEncoding = 4; lastKnownFileType = sourcecode.swift; path = CNBTLibraryViewController.swift; sourceTree = "<group>"; };
		296135431E1FABD800015A3B /* CNBTSoundViewController.swift */ = {isa = PBXFileReference; fileEncoding = 4; lastKnownFileType = sourcecode.swift; path = CNBTSoundViewController.swift; sourceTree = "<group>"; };
		296135461E1FABF000015A3B /* CNBTGraphViewController.swift */ = {isa = PBXFileReference; fileEncoding = 4; lastKnownFileType = sourcecode.swift; path = CNBTGraphViewController.swift; sourceTree = "<group>"; };
		296135491E1FAC0700015A3B /* CNBTSettingViewController.swift */ = {isa = PBXFileReference; fileEncoding = 4; lastKnownFileType = sourcecode.swift; path = CNBTSettingViewController.swift; sourceTree = "<group>"; };
		2961354B1E1FACB100015A3B /* CNBTTabBar.storyboard */ = {isa = PBXFileReference; fileEncoding = 4; lastKnownFileType = file.storyboard; path = CNBTTabBar.storyboard; sourceTree = "<group>"; };
		2961354D1E1FC9FF00015A3B /* Toast.swift */ = {isa = PBXFileReference; fileEncoding = 4; lastKnownFileType = sourcecode.swift; path = Toast.swift; sourceTree = "<group>"; };
		2961354F1E1FCD3600015A3B /* CNBTParseModel.swift */ = {isa = PBXFileReference; fileEncoding = 4; lastKnownFileType = sourcecode.swift; path = CNBTParseModel.swift; sourceTree = "<group>"; };
		296135521E1FD7B300015A3B /* CNBTQuestionViewController.swift */ = {isa = PBXFileReference; fileEncoding = 4; lastKnownFileType = sourcecode.swift; path = CNBTQuestionViewController.swift; sourceTree = "<group>"; };
		297B2EEC1E1FE9EB00175BFA /* CNBTQuestionModel.swift */ = {isa = PBXFileReference; fileEncoding = 4; lastKnownFileType = sourcecode.swift; path = CNBTQuestionModel.swift; sourceTree = "<group>"; };
		297B2EF41E1FED0500175BFA /* CNBTQuestionView.swift */ = {isa = PBXFileReference; fileEncoding = 4; lastKnownFileType = sourcecode.swift; path = CNBTQuestionView.swift; sourceTree = "<group>"; };
		297B2EF61E1FED1500175BFA /* CNBTQuestionView..xib */ = {isa = PBXFileReference; fileEncoding = 4; lastKnownFileType = file.xib; path = CNBTQuestionView..xib; sourceTree = "<group>"; };
/* End PBXFileReference section */

/* Begin PBXFrameworksBuildPhase section */
		292038591DE34F1E005B56CD /* Frameworks */ = {
			isa = PBXFrameworksBuildPhase;
			buildActionMask = 2147483647;
			files = (
			);
			runOnlyForDeploymentPostprocessing = 0;
		};
		2920386D1DE34F1F005B56CD /* Frameworks */ = {
			isa = PBXFrameworksBuildPhase;
			buildActionMask = 2147483647;
			files = (
			);
			runOnlyForDeploymentPostprocessing = 0;
		};
		292038781DE34F1F005B56CD /* Frameworks */ = {
			isa = PBXFrameworksBuildPhase;
			buildActionMask = 2147483647;
			files = (
			);
			runOnlyForDeploymentPostprocessing = 0;
		};
/* End PBXFrameworksBuildPhase section */

/* Begin PBXGroup section */
		292038531DE34F1D005B56CD = {
			isa = PBXGroup;
			children = (
				2920385E1DE34F1E005B56CD /* Limitless */,
				292038731DE34F1F005B56CD /* LimitlessTests */,
				2920387E1DE34F1F005B56CD /* LimitlessUITests */,
				2920385D1DE34F1E005B56CD /* Products */,
			);
			sourceTree = "<group>";
		};
		2920385D1DE34F1E005B56CD /* Products */ = {
			isa = PBXGroup;
			children = (
				2920385C1DE34F1E005B56CD /* Limitless.app */,
				292038701DE34F1F005B56CD /* LimitlessTests.xctest */,
				2920387B1DE34F1F005B56CD /* LimitlessUITests.xctest */,
			);
			name = Products;
			sourceTree = "<group>";
		};
		2920385E1DE34F1E005B56CD /* Limitless */ = {
			isa = PBXGroup;
			children = (
				2947D2E31E31358200D5C0B6 /* CNBTcricleView.swift */,
				296135511E1FD54000015A3B /* Subject Details */,
				2961354D1E1FC9FF00015A3B /* Toast.swift */,
				296135481E1FABF600015A3B /* Setting */,
				296135451E1FABDF00015A3B /* Graph */,
				296135421E1FABC700015A3B /* Sound */,
				2961353F1E1FABA100015A3B /* library  */,
				2961353C1E1FAB8000015A3B /* Home */,
				296135391E1FAB2400015A3B /* tabbar */,
				292D45811E16E26200187D0A /* WebService */,
				2920385F1DE34F1E005B56CD /* AppDelegate.swift */,
				292038611DE34F1E005B56CD /* ViewController.swift */,
				292038631DE34F1E005B56CD /* Main.storyboard */,
				292038661DE34F1E005B56CD /* Assets.xcassets */,
				295A903A1E268F720003D5A4 /* PierSans-Black.otf */,
				295A903B1E268F720003D5A4 /* PierSans-BlackItalic.otf */,
				295A903C1E268F720003D5A4 /* PierSans-Bold.otf */,
				295A903D1E268F720003D5A4 /* PierSans-BoldItalic.otf */,
				295A903E1E268F720003D5A4 /* PierSans-Italic.otf */,
				295A903F1E268F720003D5A4 /* PierSans-Light.otf */,
				295A90401E268F720003D5A4 /* PierSans-LightItalic.otf */,
				295A90411E268F720003D5A4 /* PierSans-Medium.otf */,
				295A90421E268F720003D5A4 /* PierSans-MediumItalic.otf */,
				295A90381E268E920003D5A4 /* PierSans-Regular.otf */,
				292038681DE34F1E005B56CD /* LaunchScreen.storyboard */,
				2920386B1DE34F1E005B56CD /* Info.plist */,
				2961354B1E1FACB100015A3B /* CNBTTabBar.storyboard */,
				2947D2971E3104AB00D5C0B6 /* UILabel+AttributeText.swift */,
			);
			path = Limitless;
			sourceTree = "<group>";
		};
		292038731DE34F1F005B56CD /* LimitlessTests */ = {
			isa = PBXGroup;
			children = (
				292038741DE34F1F005B56CD /* LimitlessTests.swift */,
				292038761DE34F1F005B56CD /* Info.plist */,
			);
			path = LimitlessTests;
			sourceTree = "<group>";
		};
		2920387E1DE34F1F005B56CD /* LimitlessUITests */ = {
			isa = PBXGroup;
			children = (
				2920387F1DE34F1F005B56CD /* LimitlessUITests.swift */,
				292038811DE34F1F005B56CD /* Info.plist */,
			);
			path = LimitlessUITests;
			sourceTree = "<group>";
		};
		292D45811E16E26200187D0A /* WebService */ = {
			isa = PBXGroup;
			children = (
				292D45821E16E28B00187D0A /* CNBTServiceController.swift */,
			);
			name = WebService;
			sourceTree = "<group>";
		};
		296135391E1FAB2400015A3B /* tabbar */ = {
			isa = PBXGroup;
			children = (
				2961353A1E1FAB6E00015A3B /* CNBTTabBarViewController.swift */,
			);
			name = tabbar;
			path = ..;
			sourceTree = "<group>";
		};
		2961353C1E1FAB8000015A3B /* Home */ = {
			isa = PBXGroup;
			children = (
				2961353D1E1FAB9C00015A3B /* CNBTHomeViewController.swift */,
				2941EE581DF5C89000F3DA40 /* CNBTDashBoardViewController.swift */,
				2941EE5A1DF5CCC200F3DA40 /* dashBoardCollectionViewCell.swift */,
				2961354F1E1FCD3600015A3B /* CNBTParseModel.swift */,
			);
			name = Home;
			sourceTree = "<group>";
		};
		2961353F1E1FABA100015A3B /* library  */ = {
			isa = PBXGroup;
			children = (
				296135401E1FABBA00015A3B /* CNBTLibraryViewController.swift */,
			);
			name = "library ";
			sourceTree = "<group>";
		};
		296135421E1FABC700015A3B /* Sound */ = {
			isa = PBXGroup;
			children = (
				296135431E1FABD800015A3B /* CNBTSoundViewController.swift */,
			);
			name = Sound;
			sourceTree = "<group>";
		};
		296135451E1FABDF00015A3B /* Graph */ = {
			isa = PBXGroup;
			children = (
				296135461E1FABF000015A3B /* CNBTGraphViewController.swift */,
			);
			name = Graph;
			sourceTree = "<group>";
		};
		296135481E1FABF600015A3B /* Setting */ = {
			isa = PBXGroup;
			children = (
				296135491E1FAC0700015A3B /* CNBTSettingViewController.swift */,
			);
			name = Setting;
			sourceTree = "<group>";
		};
		296135511E1FD54000015A3B /* Subject Details */ = {
			isa = PBXGroup;
			children = (
				296135521E1FD7B300015A3B /* CNBTQuestionViewController.swift */,
				297B2EEC1E1FE9EB00175BFA /* CNBTQuestionModel.swift */,
				297B2EF41E1FED0500175BFA /* CNBTQuestionView.swift */,
				297B2EF61E1FED1500175BFA /* CNBTQuestionView..xib */,
			);
			name = "Subject Details";
			sourceTree = "<group>";
		};
/* End PBXGroup section */

/* Begin PBXNativeTarget section */
		2920385B1DE34F1E005B56CD /* Limitless */ = {
			isa = PBXNativeTarget;
			buildConfigurationList = 292038841DE34F1F005B56CD /* Build configuration list for PBXNativeTarget "Limitless" */;
			buildPhases = (
				292038581DE34F1E005B56CD /* Sources */,
				292038591DE34F1E005B56CD /* Frameworks */,
				2920385A1DE34F1E005B56CD /* Resources */,
			);
			buildRules = (
			);
			dependencies = (
			);
			name = Limitless;
			productName = Limitless;
			productReference = 2920385C1DE34F1E005B56CD /* Limitless.app */;
			productType = "com.apple.product-type.application";
		};
		2920386F1DE34F1F005B56CD /* LimitlessTests */ = {
			isa = PBXNativeTarget;
			buildConfigurationList = 292038871DE34F1F005B56CD /* Build configuration list for PBXNativeTarget "LimitlessTests" */;
			buildPhases = (
				2920386C1DE34F1F005B56CD /* Sources */,
				2920386D1DE34F1F005B56CD /* Frameworks */,
				2920386E1DE34F1F005B56CD /* Resources */,
			);
			buildRules = (
			);
			dependencies = (
				292038721DE34F1F005B56CD /* PBXTargetDependency */,
			);
			name = LimitlessTests;
			productName = LimitlessTests;
			productReference = 292038701DE34F1F005B56CD /* LimitlessTests.xctest */;
			productType = "com.apple.product-type.bundle.unit-test";
		};
		2920387A1DE34F1F005B56CD /* LimitlessUITests */ = {
			isa = PBXNativeTarget;
			buildConfigurationList = 2920388A1DE34F1F005B56CD /* Build configuration list for PBXNativeTarget "LimitlessUITests" */;
			buildPhases = (
				292038771DE34F1F005B56CD /* Sources */,
				292038781DE34F1F005B56CD /* Frameworks */,
				292038791DE34F1F005B56CD /* Resources */,
			);
			buildRules = (
			);
			dependencies = (
				2920387D1DE34F1F005B56CD /* PBXTargetDependency */,
			);
			name = LimitlessUITests;
			productName = LimitlessUITests;
			productReference = 2920387B1DE34F1F005B56CD /* LimitlessUITests.xctest */;
			productType = "com.apple.product-type.bundle.ui-testing";
		};
/* End PBXNativeTarget section */

/* Begin PBXProject section */
		292038541DE34F1D005B56CD /* Project object */ = {
			isa = PBXProject;
			attributes = {
				LastSwiftUpdateCheck = 0800;
				LastUpgradeCheck = 0800;
				ORGANIZATIONNAME = CNBT;
				TargetAttributes = {
					2920385B1DE34F1E005B56CD = {
						CreatedOnToolsVersion = 8.0;
						DevelopmentTeam = 9J497Y5887;
						ProvisioningStyle = Automatic;
					};
					2920386F1DE34F1F005B56CD = {
						CreatedOnToolsVersion = 8.0;
						DevelopmentTeam = 9J497Y5887;
						ProvisioningStyle = Automatic;
						TestTargetID = 2920385B1DE34F1E005B56CD;
					};
					2920387A1DE34F1F005B56CD = {
						CreatedOnToolsVersion = 8.0;
						DevelopmentTeam = 9J497Y5887;
						ProvisioningStyle = Automatic;
						TestTargetID = 2920385B1DE34F1E005B56CD;
					};
				};
			};
			buildConfigurationList = 292038571DE34F1E005B56CD /* Build configuration list for PBXProject "Limitless" */;
			compatibilityVersion = "Xcode 3.2";
			developmentRegion = English;
			hasScannedForEncodings = 0;
			knownRegions = (
				en,
				Base,
			);
			mainGroup = 292038531DE34F1D005B56CD;
			productRefGroup = 2920385D1DE34F1E005B56CD /* Products */;
			projectDirPath = "";
			projectRoot = "";
			targets = (
				2920385B1DE34F1E005B56CD /* Limitless */,
				2920386F1DE34F1F005B56CD /* LimitlessTests */,
				2920387A1DE34F1F005B56CD /* LimitlessUITests */,
			);
		};
/* End PBXProject section */

/* Begin PBXResourcesBuildPhase section */
		2920385A1DE34F1E005B56CD /* Resources */ = {
			isa = PBXResourcesBuildPhase;
			buildActionMask = 2147483647;
			files = (
				2947D29A1E3112CB00D5C0B6 /* PierSans-Black.otf in Resources */,
				2947D29B1E3112CB00D5C0B6 /* PierSans-BlackItalic.otf in Resources */,
				2947D29C1E3112CB00D5C0B6 /* PierSans-Bold.otf in Resources */,
				2947D29D1E3112CB00D5C0B6 /* PierSans-BoldItalic.otf in Resources */,
				2947D29E1E3112CB00D5C0B6 /* PierSans-Italic.otf in Resources */,
				2947D29F1E3112CB00D5C0B6 /* PierSans-Light.otf in Resources */,
				2947D2A01E3112CB00D5C0B6 /* PierSans-LightItalic.otf in Resources */,
				2947D2A11E3112CB00D5C0B6 /* PierSans-Medium.otf in Resources */,
				2947D2A21E3112CB00D5C0B6 /* PierSans-MediumItalic.otf in Resources */,
				2947D2A31E3112CB00D5C0B6 /* PierSans-Regular.otf in Resources */,
				2920386A1DE34F1E005B56CD /* LaunchScreen.storyboard in Resources */,
				297B2EF71E1FED1500175BFA /* CNBTQuestionView..xib in Resources */,
				292038671DE34F1E005B56CD /* Assets.xcassets in Resources */,
				292038651DE34F1E005B56CD /* Main.storyboard in Resources */,
				2961354C1E1FACB100015A3B /* CNBTTabBar.storyboard in Resources */,
			);
			runOnlyForDeploymentPostprocessing = 0;
		};
		2920386E1DE34F1F005B56CD /* Resources */ = {
			isa = PBXResourcesBuildPhase;
			buildActionMask = 2147483647;
			files = (
			);
			runOnlyForDeploymentPostprocessing = 0;
		};
		292038791DE34F1F005B56CD /* Resources */ = {
			isa = PBXResourcesBuildPhase;
			buildActionMask = 2147483647;
			files = (
			);
			runOnlyForDeploymentPostprocessing = 0;
		};
/* End PBXResourcesBuildPhase section */

/* Begin PBXSourcesBuildPhase section */
		292038581DE34F1E005B56CD /* Sources */ = {
			isa = PBXSourcesBuildPhase;
			buildActionMask = 2147483647;
			files = (
				292038621DE34F1E005B56CD /* ViewController.swift in Sources */,
				2961354E1E1FC9FF00015A3B /* Toast.swift in Sources */,
				2961353B1E1FAB6E00015A3B /* CNBTTabBarViewController.swift in Sources */,
				292D45831E16E28B00187D0A /* CNBTServiceController.swift in Sources */,
				2941EE5B1DF5CCC200F3DA40 /* dashBoardCollectionViewCell.swift in Sources */,
				2947D2981E3104AB00D5C0B6 /* UILabel+AttributeText.swift in Sources */,
				2941EE591DF5C89000F3DA40 /* CNBTDashBoardViewController.swift in Sources */,
				297B2EED1E1FE9EB00175BFA /* CNBTQuestionModel.swift in Sources */,
				296135411E1FABBA00015A3B /* CNBTLibraryViewController.swift in Sources */,
				296135471E1FABF000015A3B /* CNBTGraphViewController.swift in Sources */,
				2961353E1E1FAB9C00015A3B /* CNBTHomeViewController.swift in Sources */,
				2961354A1E1FAC0700015A3B /* CNBTSettingViewController.swift in Sources */,
				297B2EF51E1FED0500175BFA /* CNBTQuestionView.swift in Sources */,
				296135501E1FCD3600015A3B /* CNBTParseModel.swift in Sources */,
				292038601DE34F1E005B56CD /* AppDelegate.swift in Sources */,
				2947D2E41E31358200D5C0B6 /* CNBTcricleView.swift in Sources */,
				296135531E1FD7B300015A3B /* CNBTQuestionViewController.swift in Sources */,
				296135441E1FABD800015A3B /* CNBTSoundViewController.swift in Sources */,
			);
			runOnlyForDeploymentPostprocessing = 0;
		};
		2920386C1DE34F1F005B56CD /* Sources */ = {
			isa = PBXSourcesBuildPhase;
			buildActionMask = 2147483647;
			files = (
				292038751DE34F1F005B56CD /* LimitlessTests.swift in Sources */,
			);
			runOnlyForDeploymentPostprocessing = 0;
		};
		292038771DE34F1F005B56CD /* Sources */ = {
			isa = PBXSourcesBuildPhase;
			buildActionMask = 2147483647;
			files = (
				292038801DE34F1F005B56CD /* LimitlessUITests.swift in Sources */,
			);
			runOnlyForDeploymentPostprocessing = 0;
		};
/* End PBXSourcesBuildPhase section */

/* Begin PBXTargetDependency section */
		292038721DE34F1F005B56CD /* PBXTargetDependency */ = {
			isa = PBXTargetDependency;
			target = 2920385B1DE34F1E005B56CD /* Limitless */;
			targetProxy = 292038711DE34F1F005B56CD /* PBXContainerItemProxy */;
		};
		2920387D1DE34F1F005B56CD /* PBXTargetDependency */ = {
			isa = PBXTargetDependency;
			target = 2920385B1DE34F1E005B56CD /* Limitless */;
			targetProxy = 2920387C1DE34F1F005B56CD /* PBXContainerItemProxy */;
		};
/* End PBXTargetDependency section */

/* Begin PBXVariantGroup section */
		292038631DE34F1E005B56CD /* Main.storyboard */ = {
			isa = PBXVariantGroup;
			children = (
				292038641DE34F1E005B56CD /* Base */,
			);
			name = Main.storyboard;
			sourceTree = "<group>";
		};
		292038681DE34F1E005B56CD /* LaunchScreen.storyboard */ = {
			isa = PBXVariantGroup;
			children = (
				292038691DE34F1E005B56CD /* Base */,
			);
			name = LaunchScreen.storyboard;
			sourceTree = "<group>";
		};
/* End PBXVariantGroup section */

/* Begin XCBuildConfiguration section */
		292038821DE34F1F005B56CD /* Debug */ = {
			isa = XCBuildConfiguration;
			buildSettings = {
				ALWAYS_SEARCH_USER_PATHS = NO;
				CLANG_ANALYZER_NONNULL = YES;
				CLANG_CXX_LANGUAGE_STANDARD = "gnu++0x";
				CLANG_CXX_LIBRARY = "libc++";
				CLANG_ENABLE_MODULES = YES;
				CLANG_ENABLE_OBJC_ARC = YES;
				CLANG_WARN_BOOL_CONVERSION = YES;
				CLANG_WARN_CONSTANT_CONVERSION = YES;
				CLANG_WARN_DIRECT_OBJC_ISA_USAGE = YES_ERROR;
				CLANG_WARN_DOCUMENTATION_COMMENTS = YES;
				CLANG_WARN_EMPTY_BODY = YES;
				CLANG_WARN_ENUM_CONVERSION = YES;
				CLANG_WARN_INFINITE_RECURSION = YES;
				CLANG_WARN_INT_CONVERSION = YES;
				CLANG_WARN_OBJC_ROOT_CLASS = YES_ERROR;
				CLANG_WARN_SUSPICIOUS_MOVES = YES;
				CLANG_WARN_UNREACHABLE_CODE = YES;
				CLANG_WARN__DUPLICATE_METHOD_MATCH = YES;
				"CODE_SIGN_IDENTITY[sdk=iphoneos*]" = "iPhone Developer";
				COPY_PHASE_STRIP = NO;
				DEBUG_INFORMATION_FORMAT = dwarf;
				ENABLE_STRICT_OBJC_MSGSEND = YES;
				ENABLE_TESTABILITY = YES;
				GCC_C_LANGUAGE_STANDARD = gnu99;
				GCC_DYNAMIC_NO_PIC = NO;
				GCC_NO_COMMON_BLOCKS = YES;
				GCC_OPTIMIZATION_LEVEL = 0;
				GCC_PREPROCESSOR_DEFINITIONS = (
					"DEBUG=1",
					"$(inherited)",
				);
				GCC_WARN_64_TO_32_BIT_CONVERSION = YES;
				GCC_WARN_ABOUT_RETURN_TYPE = YES_ERROR;
				GCC_WARN_UNDECLARED_SELECTOR = YES;
				GCC_WARN_UNINITIALIZED_AUTOS = YES_AGGRESSIVE;
				GCC_WARN_UNUSED_FUNCTION = YES;
				GCC_WARN_UNUSED_VARIABLE = YES;
				IPHONEOS_DEPLOYMENT_TARGET = 10.0;
				MTL_ENABLE_DEBUG_INFO = YES;
				ONLY_ACTIVE_ARCH = YES;
				SDKROOT = iphoneos;
				SWIFT_ACTIVE_COMPILATION_CONDITIONS = DEBUG;
				SWIFT_OPTIMIZATION_LEVEL = "-Onone";
			};
			name = Debug;
		};
		292038831DE34F1F005B56CD /* Release */ = {
			isa = XCBuildConfiguration;
			buildSettings = {
				ALWAYS_SEARCH_USER_PATHS = NO;
				CLANG_ANALYZER_NONNULL = YES;
				CLANG_CXX_LANGUAGE_STANDARD = "gnu++0x";
				CLANG_CXX_LIBRARY = "libc++";
				CLANG_ENABLE_MODULES = YES;
				CLANG_ENABLE_OBJC_ARC = YES;
				CLANG_WARN_BOOL_CONVERSION = YES;
				CLANG_WARN_CONSTANT_CONVERSION = YES;
				CLANG_WARN_DIRECT_OBJC_ISA_USAGE = YES_ERROR;
				CLANG_WARN_DOCUMENTATION_COMMENTS = YES;
				CLANG_WARN_EMPTY_BODY = YES;
				CLANG_WARN_ENUM_CONVERSION = YES;
				CLANG_WARN_INFINITE_RECURSION = YES;
				CLANG_WARN_INT_CONVERSION = YES;
				CLANG_WARN_OBJC_ROOT_CLASS = YES_ERROR;
				CLANG_WARN_SUSPICIOUS_MOVES = YES;
				CLANG_WARN_UNREACHABLE_CODE = YES;
				CLANG_WARN__DUPLICATE_METHOD_MATCH = YES;
				"CODE_SIGN_IDENTITY[sdk=iphoneos*]" = "iPhone Developer";
				COPY_PHASE_STRIP = NO;
				DEBUG_INFORMATION_FORMAT = "dwarf-with-dsym";
				ENABLE_NS_ASSERTIONS = NO;
				ENABLE_STRICT_OBJC_MSGSEND = YES;
				GCC_C_LANGUAGE_STANDARD = gnu99;
				GCC_NO_COMMON_BLOCKS = YES;
				GCC_WARN_64_TO_32_BIT_CONVERSION = YES;
				GCC_WARN_ABOUT_RETURN_TYPE = YES_ERROR;
				GCC_WARN_UNDECLARED_SELECTOR = YES;
				GCC_WARN_UNINITIALIZED_AUTOS = YES_AGGRESSIVE;
				GCC_WARN_UNUSED_FUNCTION = YES;
				GCC_WARN_UNUSED_VARIABLE = YES;
				IPHONEOS_DEPLOYMENT_TARGET = 10.0;
				MTL_ENABLE_DEBUG_INFO = NO;
				SDKROOT = iphoneos;
				SWIFT_OPTIMIZATION_LEVEL = "-Owholemodule";
				VALIDATE_PRODUCT = YES;
			};
			name = Release;
		};
		292038851DE34F1F005B56CD /* Debug */ = {
			isa = XCBuildConfiguration;
			buildSettings = {
				ASSETCATALOG_COMPILER_APPICON_NAME = AppIcon;
				DEVELOPMENT_TEAM = 9J497Y5887;
				INFOPLIST_FILE = Limitless/Info.plist;
				LD_RUNPATH_SEARCH_PATHS = "$(inherited) @executable_path/Frameworks";
				PRODUCT_BUNDLE_IDENTIFIER = CNBT.Limitless;
				PRODUCT_NAME = "$(TARGET_NAME)";
				SWIFT_VERSION = 3.0;
			};
			name = Debug;
		};
		292038861DE34F1F005B56CD /* Release */ = {
			isa = XCBuildConfiguration;
			buildSettings = {
				ASSETCATALOG_COMPILER_APPICON_NAME = AppIcon;
				DEVELOPMENT_TEAM = 9J497Y5887;
				INFOPLIST_FILE = Limitless/Info.plist;
				LD_RUNPATH_SEARCH_PATHS = "$(inherited) @executable_path/Frameworks";
				PRODUCT_BUNDLE_IDENTIFIER = CNBT.Limitless;
				PRODUCT_NAME = "$(TARGET_NAME)";
				SWIFT_VERSION = 3.0;
			};
			name = Release;
		};
		292038881DE34F1F005B56CD /* Debug */ = {
			isa = XCBuildConfiguration;
			buildSettings = {
				ALWAYS_EMBED_SWIFT_STANDARD_LIBRARIES = YES;
				BUNDLE_LOADER = "$(TEST_HOST)";
				DEVELOPMENT_TEAM = 9J497Y5887;
				INFOPLIST_FILE = LimitlessTests/Info.plist;
				LD_RUNPATH_SEARCH_PATHS = "$(inherited) @executable_path/Frameworks @loader_path/Frameworks";
				PRODUCT_BUNDLE_IDENTIFIER = CNBT.LimitlessTests;
				PRODUCT_NAME = "$(TARGET_NAME)";
				SWIFT_VERSION = 3.0;
				TEST_HOST = "$(BUILT_PRODUCTS_DIR)/Limitless.app/Limitless";
			};
			name = Debug;
		};
		292038891DE34F1F005B56CD /* Release */ = {
			isa = XCBuildConfiguration;
			buildSettings = {
				ALWAYS_EMBED_SWIFT_STANDARD_LIBRARIES = YES;
				BUNDLE_LOADER = "$(TEST_HOST)";
				DEVELOPMENT_TEAM = 9J497Y5887;
				INFOPLIST_FILE = LimitlessTests/Info.plist;
				LD_RUNPATH_SEARCH_PATHS = "$(inherited) @executable_path/Frameworks @loader_path/Frameworks";
				PRODUCT_BUNDLE_IDENTIFIER = CNBT.LimitlessTests;
				PRODUCT_NAME = "$(TARGET_NAME)";
				SWIFT_VERSION = 3.0;
				TEST_HOST = "$(BUILT_PRODUCTS_DIR)/Limitless.app/Limitless";
			};
			name = Release;
		};
		2920388B1DE34F1F005B56CD /* Debug */ = {
			isa = XCBuildConfiguration;
			buildSettings = {
				ALWAYS_EMBED_SWIFT_STANDARD_LIBRARIES = YES;
				DEVELOPMENT_TEAM = 9J497Y5887;
				INFOPLIST_FILE = LimitlessUITests/Info.plist;
				LD_RUNPATH_SEARCH_PATHS = "$(inherited) @executable_path/Frameworks @loader_path/Frameworks";
				PRODUCT_BUNDLE_IDENTIFIER = CNBT.LimitlessUITests;
				PRODUCT_NAME = "$(TARGET_NAME)";
				SWIFT_VERSION = 3.0;
				TEST_TARGET_NAME = Limitless;
			};
			name = Debug;
		};
		2920388C1DE34F1F005B56CD /* Release */ = {
			isa = XCBuildConfiguration;
			buildSettings = {
				ALWAYS_EMBED_SWIFT_STANDARD_LIBRARIES = YES;
				DEVELOPMENT_TEAM = 9J497Y5887;
				INFOPLIST_FILE = LimitlessUITests/Info.plist;
				LD_RUNPATH_SEARCH_PATHS = "$(inherited) @executable_path/Frameworks @loader_path/Frameworks";
				PRODUCT_BUNDLE_IDENTIFIER = CNBT.LimitlessUITests;
				PRODUCT_NAME = "$(TARGET_NAME)";
				SWIFT_VERSION = 3.0;
				TEST_TARGET_NAME = Limitless;
			};
			name = Release;
		};
/* End XCBuildConfiguration section */

/* Begin XCConfigurationList section */
		292038571DE34F1E005B56CD /* Build configuration list for PBXProject "Limitless" */ = {
			isa = XCConfigurationList;
			buildConfigurations = (
				292038821DE34F1F005B56CD /* Debug */,
				292038831DE34F1F005B56CD /* Release */,
			);
			defaultConfigurationIsVisible = 0;
			defaultConfigurationName = Release;
		};
		292038841DE34F1F005B56CD /* Build configuration list for PBXNativeTarget "Limitless" */ = {
			isa = XCConfigurationList;
			buildConfigurations = (
				292038851DE34F1F005B56CD /* Debug */,
				292038861DE34F1F005B56CD /* Release */,
			);
			defaultConfigurationIsVisible = 0;
			defaultConfigurationName = Release;
		};
		292038871DE34F1F005B56CD /* Build configuration list for PBXNativeTarget "LimitlessTests" */ = {
			isa = XCConfigurationList;
			buildConfigurations = (
				292038881DE34F1F005B56CD /* Debug */,
				292038891DE34F1F005B56CD /* Release */,
			);
			defaultConfigurationIsVisible = 0;
			defaultConfigurationName = Release;
		};
		2920388A1DE34F1F005B56CD /* Build configuration list for PBXNativeTarget "LimitlessUITests" */ = {
			isa = XCConfigurationList;
			buildConfigurations = (
				2920388B1DE34F1F005B56CD /* Debug */,
				2920388C1DE34F1F005B56CD /* Release */,
			);
			defaultConfigurationIsVisible = 0;
			defaultConfigurationName = Release;
		};
/* End XCConfigurationList section */
	};
	rootObject = 292038541DE34F1D005B56CD /* Project object */;
}
